
Microsoft Visual Studio Solution File, Format Version 12.00
# Visual Studio Version 17
VisualStudioVersion = 17.0.31903.59
MinimumVisualStudioVersion = 10.0.40219.1
Project("{FAE04EC0-301F-11D3-BF4B-00C04F79EFBC}") = "TaskManager.Api", "TaskManager.Api\TaskManager.Api.csproj", "{FA7647B5-F271-41E3-B8A2-E0512C74BFC8}"
EndProject
Project("{FAE04EC0-301F-11D3-BF4B-00C04F79EFBC}") = "TaskManager.Application", "TaskManager.Application\TaskManager.Application.csproj", "{B2578742-5336-4503-A305-AE0B7015241C}"
EndProject
Project("{FAE04EC0-301F-11D3-BF4B-00C04F79EFBC}") = "TaskManager.Infrastructure", "TaskManager.Infrastructure\TaskManager.Infrastructure.csproj", "{25996A76-6C0D-4695-BD88-02E3C9B4DD85}"
EndProject
Project("{FAE04EC0-301F-11D3-BF4B-00C04F79EFBC}") = "TaskManager.DomainCore", "TaskManager.DomainCore\TaskManager.DomainCore.csproj", "{6C509E4B-D1EC-4B9C-871B-6563318F9E68}"
EndProject
Global
	GlobalSection(SolutionConfigurationPlatforms) = preSolution
		Debug|Any CPU = Debug|Any CPU
		Release|Any CPU = Release|Any CPU
	EndGlobalSection
	GlobalSection(SolutionProperties) = preSolution
		HideSolutionNode = FALSE
	EndGlobalSection
	GlobalSection(ProjectConfigurationPlatforms) = postSolution
		{FA7647B5-F271-41E3-B8A2-E0512C74BFC8}.Debug|Any CPU.ActiveCfg = Debug|Any CPU
		{FA7647B5-F271-41E3-B8A2-E0512C74BFC8}.Debug|Any CPU.Build.0 = Debug|Any CPU
		{FA7647B5-F271-41E3-B8A2-E0512C74BFC8}.Release|Any CPU.ActiveCfg = Release|Any CPU
		{FA7647B5-F271-41E3-B8A2-E0512C74BFC8}.Release|Any CPU.Build.0 = Release|Any CPU
		{B2578742-5336-4503-A305-AE0B7015241C}.Debug|Any CPU.ActiveCfg = Debug|Any CPU
		{B2578742-5336-4503-A305-AE0B7015241C}.Debug|Any CPU.Build.0 = Debug|Any CPU
		{B2578742-5336-4503-A305-AE0B7015241C}.Release|Any CPU.ActiveCfg = Release|Any CPU
		{B2578742-5336-4503-A305-AE0B7015241C}.Release|Any CPU.Build.0 = Release|Any CPU
		{25996A76-6C0D-4695-BD88-02E3C9B4DD85}.Debug|Any CPU.ActiveCfg = Debug|Any CPU
		{25996A76-6C0D-4695-BD88-02E3C9B4DD85}.Debug|Any CPU.Build.0 = Debug|Any CPU
		{25996A76-6C0D-4695-BD88-02E3C9B4DD85}.Release|Any CPU.ActiveCfg = Release|Any CPU
		{25996A76-6C0D-4695-BD88-02E3C9B4DD85}.Release|Any CPU.Build.0 = Release|Any CPU
		{6C509E4B-D1EC-4B9C-871B-6563318F9E68}.Debug|Any CPU.ActiveCfg = Debug|Any CPU
		{6C509E4B-D1EC-4B9C-871B-6563318F9E68}.Debug|Any CPU.Build.0 = Debug|Any CPU
		{6C509E4B-D1EC-4B9C-871B-6563318F9E68}.Release|Any CPU.ActiveCfg = Release|Any CPU
		{6C509E4B-D1EC-4B9C-871B-6563318F9E68}.Release|Any CPU.Build.0 = Release|Any CPU
	EndGlobalSection
EndGlobal
